
Microsoft Visual Studio Solution File, Format Version 12.00
# Visual Studio Version 17
VisualStudioVersion = 17.5.33627.172
MinimumVisualStudioVersion = 10.0.40219.1
Project("{9A19103F-16F7-4668-BE54-9A1E7A4F7556}") = "JobPortal.WebApp", "JobPortal.WebApp\JobPortal.WebApp.csproj", "{EB2406D8-688B-45F0-92B1-EDE0E08FF0D3}"
EndProject
Project("{9A19103F-16F7-4668-BE54-9A1E7A4F7556}") = "JobPortal.Common", "JobPortal.Common\JobPortal.Common.csproj", "{44304EBF-AD24-4995-A070-A19383C5E58D}"
EndProject
Project("{9A19103F-16F7-4668-BE54-9A1E7A4F7556}") = "JobPortal.Data", "JobPortal.Data\JobPortal.Data.csproj", "{064C72FC-E714-4ACC-9C04-CC510C94CA04}"
EndProject
Global
	GlobalSection(SolutionConfigurationPlatforms) = preSolution
		Debug|Any CPU = Debug|Any CPU
		Release|Any CPU = Release|Any CPU
	EndGlobalSection
	GlobalSection(ProjectConfigurationPlatforms) = postSolution
		{EB2406D8-688B-45F0-92B1-EDE0E08FF0D3}.Debug|Any CPU.ActiveCfg = Debug|Any CPU
		{EB2406D8-688B-45F0-92B1-EDE0E08FF0D3}.Debug|Any CPU.Build.0 = Debug|Any CPU
		{EB2406D8-688B-45F0-92B1-EDE0E08FF0D3}.Release|Any CPU.ActiveCfg = Release|Any CPU
		{EB2406D8-688B-45F0-92B1-EDE0E08FF0D3}.Release|Any CPU.Build.0 = Release|Any CPU
		{44304EBF-AD24-4995-A070-A19383C5E58D}.Debug|Any CPU.ActiveCfg = Debug|Any CPU
		{44304EBF-AD24-4995-A070-A19383C5E58D}.Debug|Any CPU.Build.0 = Debug|Any CPU
		{44304EBF-AD24-4995-A070-A19383C5E58D}.Release|Any CPU.ActiveCfg = Release|Any CPU
		{44304EBF-AD24-4995-A070-A19383C5E58D}.Release|Any CPU.Build.0 = Release|Any CPU
		{064C72FC-E714-4ACC-9C04-CC510C94CA04}.Debug|Any CPU.ActiveCfg = Debug|Any CPU
		{064C72FC-E714-4ACC-9C04-CC510C94CA04}.Debug|Any CPU.Build.0 = Debug|Any CPU
		{064C72FC-E714-4ACC-9C04-CC510C94CA04}.Release|Any CPU.ActiveCfg = Release|Any CPU
		{064C72FC-E714-4ACC-9C04-CC510C94CA04}.Release|Any CPU.Build.0 = Release|Any CPU
	EndGlobalSection
	GlobalSection(SolutionProperties) = preSolution
		HideSolutionNode = FALSE
	EndGlobalSection
	GlobalSection(ExtensibilityGlobals) = postSolution
		SolutionGuid = {A56720AF-136E-4B75-89A6-EECFD61C9632}
	EndGlobalSection
EndGlobal
